// !$*UTF8*$!
{
	archiveVersion = 1;
	classes = {
	};
	objectVersion = 46;
	objects = {

/* Begin PBXBuildFile section */
		4AE1E4391DA2641F00A5C9DB /* AppDelegate.swift in Sources */ = {isa = PBXBuildFile; fileRef = 4AE1E4381DA2641F00A5C9DB /* AppDelegate.swift */; };
		4AE1E43B1DA2641F00A5C9DB /* MasterViewController.swift in Sources */ = {isa = PBXBuildFile; fileRef = 4AE1E43A1DA2641F00A5C9DB /* MasterViewController.swift */; };
		4AE1E43D1DA2641F00A5C9DB /* DetailViewController.swift in Sources */ = {isa = PBXBuildFile; fileRef = 4AE1E43C1DA2641F00A5C9DB /* DetailViewController.swift */; };
		4AE1E4401DA2641F00A5C9DB /* Main.storyboard in Resources */ = {isa = PBXBuildFile; fileRef = 4AE1E43E1DA2641F00A5C9DB /* Main.storyboard */; };
		4AE1E4421DA2641F00A5C9DB /* Assets.xcassets in Resources */ = {isa = PBXBuildFile; fileRef = 4AE1E4411DA2641F00A5C9DB /* Assets.xcassets */; };
		4AE1E4451DA2641F00A5C9DB /* LaunchScreen.storyboard in Resources */ = {isa = PBXBuildFile; fileRef = 4AE1E4431DA2641F00A5C9DB /* LaunchScreen.storyboard */; };
		4AE1E4531DA2682E00A5C9DB /* fireworks001.jpg in Resources */ = {isa = PBXBuildFile; fileRef = 4AE1E44C1DA2682E00A5C9DB /* fireworks001.jpg */; };
		4AE1E4541DA2682E00A5C9DB /* fireworks002.jpg in Resources */ = {isa = PBXBuildFile; fileRef = 4AE1E44D1DA2682E00A5C9DB /* fireworks002.jpg */; };
		4AE1E4551DA2682E00A5C9DB /* fireworks003.jpg in Resources */ = {isa = PBXBuildFile; fileRef = 4AE1E44E1DA2682E00A5C9DB /* fireworks003.jpg */; };
		4AE1E4561DA2682E00A5C9DB /* fireworks004.jpg in Resources */ = {isa = PBXBuildFile; fileRef = 4AE1E44F1DA2682E00A5C9DB /* fireworks004.jpg */; };
		4AE1E4571DA2682E00A5C9DB /* fireworks005.jpg in Resources */ = {isa = PBXBuildFile; fileRef = 4AE1E4501DA2682E00A5C9DB /* fireworks005.jpg */; };
		4AE1E4581DA2682E00A5C9DB /* fireworks006.jpg in Resources */ = {isa = PBXBuildFile; fileRef = 4AE1E4511DA2682E00A5C9DB /* fireworks006.jpg */; };
		4AE1E4591DA2682E00A5C9DB /* fireworks007.jpg in Resources */ = {isa = PBXBuildFile; fileRef = 4AE1E4521DA2682E00A5C9DB /* fireworks007.jpg */; };
/* End PBXBuildFile section */

/* Begin PBXFileReference section */
		4AE1E4351DA2641F00A5C9DB /* study_photo_catalog.app */ = {isa = PBXFileReference; explicitFileType = wrapper.application; includeInIndex = 0; path = study_photo_catalog.app; sourceTree = BUILT_PRODUCTS_DIR; };
		4AE1E4381DA2641F00A5C9DB /* AppDelegate.swift */ = {isa = PBXFileReference; lastKnownFileType = sourcecode.swift; path = AppDelegate.swift; sourceTree = "<group>"; };
		4AE1E43A1DA2641F00A5C9DB /* MasterViewController.swift */ = {isa = PBXFileReference; lastKnownFileType = sourcecode.swift; path = MasterViewController.swift; sourceTree = "<group>"; };
		4AE1E43C1DA2641F00A5C9DB /* DetailViewController.swift */ = {isa = PBXFileReference; lastKnownFileType = sourcecode.swift; path = DetailViewController.swift; sourceTree = "<group>"; };
		4AE1E43F1DA2641F00A5C9DB /* Base */ = {isa = PBXFileReference; lastKnownFileType = file.storyboard; name = Base; path = Base.lproj/Main.storyboard; sourceTree = "<group>"; };
		4AE1E4411DA2641F00A5C9DB /* Assets.xcassets */ = {isa = PBXFileReference; lastKnownFileType = folder.assetcatalog; path = Assets.xcassets; sourceTree = "<group>"; };
		4AE1E4441DA2641F00A5C9DB /* Base */ = {isa = PBXFileReference; lastKnownFileType = file.storyboard; name = Base; path = Base.lproj/LaunchScreen.storyboard; sourceTree = "<group>"; };
		4AE1E4461DA2641F00A5C9DB /* Info.plist */ = {isa = PBXFileReference; lastKnownFileType = text.plist.xml; path = Info.plist; sourceTree = "<group>"; };
		4AE1E44C1DA2682E00A5C9DB /* fireworks001.jpg */ = {isa = PBXFileReference; lastKnownFileType = image.jpeg; path = fireworks001.jpg; sourceTree = "<group>"; };
		4AE1E44D1DA2682E00A5C9DB /* fireworks002.jpg */ = {isa = PBXFileReference; lastKnownFileType = image.jpeg; path = fireworks002.jpg; sourceTree = "<group>"; };
		4AE1E44E1DA2682E00A5C9DB /* fireworks003.jpg */ = {isa = PBXFileReference; lastKnownFileType = image.jpeg; path = fireworks003.jpg; sourceTree = "<group>"; };
		4AE1E44F1DA2682E00A5C9DB /* fireworks004.jpg */ = {isa = PBXFileReference; lastKnownFileType = image.jpeg; path = fireworks004.jpg; sourceTree = "<group>"; };
		4AE1E4501DA2682E00A5C9DB /* fireworks005.jpg */ = {isa = PBXFileReference; lastKnownFileType = image.jpeg; path = fireworks005.jpg; sourceTree = "<group>"; };
		4AE1E4511DA2682E00A5C9DB /* fireworks006.jpg */ = {isa = PBXFileReference; lastKnownFileType = image.jpeg; path = fireworks006.jpg; sourceTree = "<group>"; };
		4AE1E4521DA2682E00A5C9DB /* fireworks007.jpg */ = {isa = PBXFileReference; lastKnownFileType = image.jpeg; path = fireworks007.jpg; sourceTree = "<group>"; };
/* End PBXFileReference section */

/* Begin PBXFrameworksBuildPhase section */
		4AE1E4321DA2641F00A5C9DB /* Frameworks */ = {
			isa = PBXFrameworksBuildPhase;
			buildActionMask = 2147483647;
			files = (
			);
			runOnlyForDeploymentPostprocessing = 0;
		};
/* End PBXFrameworksBuildPhase section */

/* Begin PBXGroup section */
		4AE1E42C1DA2641F00A5C9DB = {
			isa = PBXGroup;
			children = (
				4AE1E4371DA2641F00A5C9DB /* study_photo_catalog */,
				4AE1E4361DA2641F00A5C9DB /* Products */,
			);
			sourceTree = "<group>";
		};
		4AE1E4361DA2641F00A5C9DB /* Products */ = {
			isa = PBXGroup;
			children = (
				4AE1E4351DA2641F00A5C9DB /* study_photo_catalog.app */,
			);
			name = Products;
			sourceTree = "<group>";
		};
		4AE1E4371DA2641F00A5C9DB /* study_photo_catalog */ = {
			isa = PBXGroup;
			children = (
				4AE1E4381DA2641F00A5C9DB /* AppDelegate.swift */,
				4AE1E43A1DA2641F00A5C9DB /* MasterViewController.swift */,
				4AE1E43C1DA2641F00A5C9DB /* DetailViewController.swift */,
				4AE1E43E1DA2641F00A5C9DB /* Main.storyboard */,
				4AE1E4411DA2641F00A5C9DB /* Assets.xcassets */,
				4AE1E4431DA2641F00A5C9DB /* LaunchScreen.storyboard */,
				4AE1E44C1DA2682E00A5C9DB /* fireworks001.jpg */,
				4AE1E44D1DA2682E00A5C9DB /* fireworks002.jpg */,
				4AE1E44E1DA2682E00A5C9DB /* fireworks003.jpg */,
				4AE1E44F1DA2682E00A5C9DB /* fireworks004.jpg */,
				4AE1E4501DA2682E00A5C9DB /* fireworks005.jpg */,
				4AE1E4511DA2682E00A5C9DB /* fireworks006.jpg */,
				4AE1E4521DA2682E00A5C9DB /* fireworks007.jpg */,
				4AE1E4461DA2641F00A5C9DB /* Info.plist */,
			);
			path = study_photo_catalog;
			sourceTree = "<group>";
		};
/* End PBXGroup section */

/* Begin PBXNativeTarget section */
		4AE1E4341DA2641F00A5C9DB /* study_photo_catalog */ = {
			isa = PBXNativeTarget;
			buildConfigurationList = 4AE1E4491DA2641F00A5C9DB /* Build configuration list for PBXNativeTarget "study_photo_catalog" */;
			buildPhases = (
				4AE1E4311DA2641F00A5C9DB /* Sources */,
				4AE1E4321DA2641F00A5C9DB /* Frameworks */,
				4AE1E4331DA2641F00A5C9DB /* Resources */,
			);
			buildRules = (
			);
			dependencies = (
			);
			name = study_photo_catalog;
			productName = study_photo_catalog;
			productReference = 4AE1E4351DA2641F00A5C9DB /* study_photo_catalog.app */;
			productType = "com.apple.product-type.application";
		};
/* End PBXNativeTarget section */

/* Begin PBXProject section */
		4AE1E42D1DA2641F00A5C9DB /* Project object */ = {
			isa = PBXProject;
			attributes = {
				LastSwiftUpdateCheck = 0730;
				LastUpgradeCheck = 0730;
				ORGANIZATIONNAME = none;
				TargetAttributes = {
					4AE1E4341DA2641F00A5C9DB = {
						CreatedOnToolsVersion = 7.3;
					};
				};
			};
			buildConfigurationList = 4AE1E4301DA2641F00A5C9DB /* Build configuration list for PBXProject "study_photo_catalog" */;
			compatibilityVersion = "Xcode 3.2";
			developmentRegion = English;
			hasScannedForEncodings = 0;
			knownRegions = (
				en,
				Base,
			);
			mainGroup = 4AE1E42C1DA2641F00A5C9DB;
			productRefGroup = 4AE1E4361DA2641F00A5C9DB /* Products */;
			projectDirPath = "";
			projectRoot = "";
			targets = (
				4AE1E4341DA2641F00A5C9DB /* study_photo_catalog */,
			);
		};
/* End PBXProject section */

/* Begin PBXResourcesBuildPhase section */
		4AE1E4331DA2641F00A5C9DB /* Resources */ = {
			isa = PBXResourcesBuildPhase;
			buildActionMask = 2147483647;
			files = (
				4AE1E4451DA2641F00A5C9DB /* LaunchScreen.storyboard in Resources */,
				4AE1E4581DA2682E00A5C9DB /* fireworks006.jpg in Resources */,
				4AE1E4561DA2682E00A5C9DB /* fireworks004.jpg in Resources */,
				4AE1E4531DA2682E00A5C9DB /* fireworks001.jpg in Resources */,
				4AE1E4541DA2682E00A5C9DB /* fireworks002.jpg in Resources */,
				4AE1E4421DA2641F00A5C9DB /* Assets.xcassets in Resources */,
				4AE1E4571DA2682E00A5C9DB /* fireworks005.jpg in Resources */,
				4AE1E4551DA2682E00A5C9DB /* fireworks003.jpg in Resources */,
				4AE1E4401DA2641F00A5C9DB /* Main.storyboard in Resources */,
				4AE1E4591DA2682E00A5C9DB /* fireworks007.jpg in Resources */,
			);
			runOnlyForDeploymentPostprocessing = 0;
		};
/* End PBXResourcesBuildPhase section */

/* Begin PBXSourcesBuildPhase section */
		4AE1E4311DA2641F00A5C9DB /* Sources */ = {
			isa = PBXSourcesBuildPhase;
			buildActionMask = 2147483647;
			files = (
				4AE1E43D1DA2641F00A5C9DB /* DetailViewController.swift in Sources */,
				4AE1E43B1DA2641F00A5C9DB /* MasterViewController.swift in Sources */,
				4AE1E4391DA2641F00A5C9DB /* AppDelegate.swift in Sources */,
			);
			runOnlyForDeploymentPostprocessing = 0;
		};
/* End PBXSourcesBuildPhase section */

/* Begin PBXVariantGroup section */
		4AE1E43E1DA2641F00A5C9DB /* Main.storyboard */ = {
			isa = PBXVariantGroup;
			children = (
				4AE1E43F1DA2641F00A5C9DB /* Base */,
			);
			name = Main.storyboard;
			sourceTree = "<group>";
		};
		4AE1E4431DA2641F00A5C9DB /* LaunchScreen.storyboard */ = {
			isa = PBXVariantGroup;
			children = (
				4AE1E4441DA2641F00A5C9DB /* Base */,
			);
			name = LaunchScreen.storyboard;
			sourceTree = "<group>";
		};
/* End PBXVariantGroup section */

/* Begin XCBuildConfiguration section */
		4AE1E4471DA2641F00A5C9DB /* Debug */ = {
			isa = XCBuildConfiguration;
			buildSettings = {
				ALWAYS_SEARCH_USER_PATHS = NO;
				CLANG_ANALYZER_NONNULL = YES;
				CLANG_CXX_LANGUAGE_STANDARD = "gnu++0x";
				CLANG_CXX_LIBRARY = "libc++";
				CLANG_ENABLE_MODULES = YES;
				CLANG_ENABLE_OBJC_ARC = YES;
				CLANG_WARN_BOOL_CONVERSION = YES;
				CLANG_WARN_CONSTANT_CONVERSION = YES;
				CLANG_WARN_DIRECT_OBJC_ISA_USAGE = YES_ERROR;
				CLANG_WARN_EMPTY_BODY = YES;
				CLANG_WARN_ENUM_CONVERSION = YES;
				CLANG_WARN_INT_CONVERSION = YES;
				CLANG_WARN_OBJC_ROOT_CLASS = YES_ERROR;
				CLANG_WARN_UNREACHABLE_CODE = YES;
				CLANG_WARN__DUPLICATE_METHOD_MATCH = YES;
				"CODE_SIGN_IDENTITY[sdk=iphoneos*]" = "iPhone Developer";
				COPY_PHASE_STRIP = NO;
				DEBUG_INFORMATION_FORMAT = dwarf;
				ENABLE_STRICT_OBJC_MSGSEND = YES;
				ENABLE_TESTABILITY = YES;
				GCC_C_LANGUAGE_STANDARD = gnu99;
				GCC_DYNAMIC_NO_PIC = NO;
				GCC_NO_COMMON_BLOCKS = YES;
				GCC_OPTIMIZATION_LEVEL = 0;
				GCC_PREPROCESSOR_DEFINITIONS = (
					"DEBUG=1",
					"$(inherited)",
				);
				GCC_WARN_64_TO_32_BIT_CONVERSION = YES;
				GCC_WARN_ABOUT_RETURN_TYPE = YES_ERROR;
				GCC_WARN_UNDECLARED_SELECTOR = YES;
				GCC_WARN_UNINITIALIZED_AUTOS = YES_AGGRESSIVE;
				GCC_WARN_UNUSED_FUNCTION = YES;
				GCC_WARN_UNUSED_VARIABLE = YES;
				IPHONEOS_DEPLOYMENT_TARGET = 9.3;
				MTL_ENABLE_DEBUG_INFO = YES;
				ONLY_ACTIVE_ARCH = YES;
				SDKROOT = iphoneos;
				SWIFT_OPTIMIZATION_LEVEL = "-Onone";
			};
			name = Debug;
		};
		4AE1E4481DA2641F00A5C9DB /* Release */ = {
			isa = XCBuildConfiguration;
			buildSettings = {
				ALWAYS_SEARCH_USER_PATHS = NO;
				CLANG_ANALYZER_NONNULL = YES;
				CLANG_CXX_LANGUAGE_STANDARD = "gnu++0x";
				CLANG_CXX_LIBRARY = "libc++";
				CLANG_ENABLE_MODULES = YES;
				CLANG_ENABLE_OBJC_ARC = YES;
				CLANG_WARN_BOOL_CONVERSION = YES;
				CLANG_WARN_CONSTANT_CONVERSION = YES;
				CLANG_WARN_DIRECT_OBJC_ISA_USAGE = YES_ERROR;
				CLANG_WARN_EMPTY_BODY = YES;
				CLANG_WARN_ENUM_CONVERSION = YES;
				CLANG_WARN_INT_CONVERSION = YES;
				CLANG_WARN_OBJC_ROOT_CLASS = YES_ERROR;
				CLANG_WARN_UNREACHABLE_CODE = YES;
				CLANG_WARN__DUPLICATE_METHOD_MATCH = YES;
				"CODE_SIGN_IDENTITY[sdk=iphoneos*]" = "iPhone Developer";
				COPY_PHASE_STRIP = NO;
				DEBUG_INFORMATION_FORMAT = "dwarf-with-dsym";
				ENABLE_NS_ASSERTIONS = NO;
				ENABLE_STRICT_OBJC_MSGSEND = YES;
				GCC_C_LANGUAGE_STANDARD = gnu99;
				GCC_NO_COMMON_BLOCKS = YES;
				GCC_WARN_64_TO_32_BIT_CONVERSION = YES;
				GCC_WARN_ABOUT_RETURN_TYPE = YES_ERROR;
				GCC_WARN_UNDECLARED_SELECTOR = YES;
				GCC_WARN_UNINITIALIZED_AUTOS = YES_AGGRESSIVE;
				GCC_WARN_UNUSED_FUNCTION = YES;
				GCC_WARN_UNUSED_VARIABLE = YES;
				IPHONEOS_DEPLOYMENT_TARGET = 9.3;
				MTL_ENABLE_DEBUG_INFO = NO;
				SDKROOT = iphoneos;
				VALIDATE_PRODUCT = YES;
			};
			name = Release;
		};
		4AE1E44A1DA2641F00A5C9DB /* Debug */ = {
			isa = XCBuildConfiguration;
			buildSettings = {
				ASSETCATALOG_COMPILER_APPICON_NAME = AppIcon;
				INFOPLIST_FILE = study_photo_catalog/Info.plist;
				LD_RUNPATH_SEARCH_PATHS = "$(inherited) @executable_path/Frameworks";
				PRODUCT_BUNDLE_IDENTIFIER = "com.study-photo-catalog";
				PRODUCT_NAME = "$(TARGET_NAME)";
			};
			name = Debug;
		};
		4AE1E44B1DA2641F00A5C9DB /* Release */ = {
			isa = XCBuildConfiguration;
			buildSettings = {
				ASSETCATALOG_COMPILER_APPICON_NAME = AppIcon;
				INFOPLIST_FILE = study_photo_catalog/Info.plist;
				LD_RUNPATH_SEARCH_PATHS = "$(inherited) @executable_path/Frameworks";
				PRODUCT_BUNDLE_IDENTIFIER = "com.study-photo-catalog";
				PRODUCT_NAME = "$(TARGET_NAME)";
			};
			name = Release;
		};
/* End XCBuildConfiguration section */

/* Begin XCConfigurationList section */
		4AE1E4301DA2641F00A5C9DB /* Build configuration list for PBXProject "study_photo_catalog" */ = {
			isa = XCConfigurationList;
			buildConfigurations = (
				4AE1E4471DA2641F00A5C9DB /* Debug */,
				4AE1E4481DA2641F00A5C9DB /* Release */,
			);
			defaultConfigurationIsVisible = 0;
			defaultConfigurationName = Release;
		};
		4AE1E4491DA2641F00A5C9DB /* Build configuration list for PBXNativeTarget "study_photo_catalog" */ = {
			isa = XCConfigurationList;
			buildConfigurations = (
				4AE1E44A1DA2641F00A5C9DB /* Debug */,
				4AE1E44B1DA2641F00A5C9DB /* Release */,
			);
			defaultConfigurationIsVisible = 0;
		};
/* End XCConfigurationList section */
	};
	rootObject = 4AE1E42D1DA2641F00A5C9DB /* Project object */;
}
